
Microsoft Visual Studio Solution File, Format Version 12.00
# Visual Studio 2017
Project("{FAE04EC0-301F-11D3-BF4B-00C04F79EFBC}") = "Action Platform", "Action Platform.csproj", "{B2728506-3816-B51C-1065-63BB33F104B7}"
EndProject
Project("{FAE04EC0-301F-11D3-BF4B-00C04F79EFBC}") = "Action Platform.Editor", "Action Platform.Editor.csproj", "{3DB08F65-F40C-A6E4-EB6A-729DC67121DA}"
EndProject
Global
	GlobalSection(SolutionConfigurationPlatforms) = preSolution
		Debug|Any CPU = Debug|Any CPU
		Release|Any CPU = Release|Any CPU
	EndGlobalSection
	GlobalSection(ProjectConfigurationPlatforms) = postSolution
		{B2728506-3816-B51C-1065-63BB33F104B7}.Debug|Any CPU.ActiveCfg = Debug|Any CPU
		{B2728506-3816-B51C-1065-63BB33F104B7}.Debug|Any CPU.Build.0 = Debug|Any CPU
		{B2728506-3816-B51C-1065-63BB33F104B7}.Release|Any CPU.ActiveCfg = Release|Any CPU
		{B2728506-3816-B51C-1065-63BB33F104B7}.Release|Any CPU.Build.0 = Release|Any CPU
		{3DB08F65-F40C-A6E4-EB6A-729DC67121DA}.Debug|Any CPU.ActiveCfg = Debug|Any CPU
		{3DB08F65-F40C-A6E4-EB6A-729DC67121DA}.Debug|Any CPU.Build.0 = Debug|Any CPU
		{3DB08F65-F40C-A6E4-EB6A-729DC67121DA}.Release|Any CPU.ActiveCfg = Release|Any CPU
		{3DB08F65-F40C-A6E4-EB6A-729DC67121DA}.Release|Any CPU.Build.0 = Release|Any CPU
	EndGlobalSection
	GlobalSection(SolutionProperties) = preSolution
		HideSolutionNode = FALSE
	EndGlobalSection
EndGlobal
